
Microsoft Visual Studio Solution File, Format Version 12.00
# Visual Studio 15
VisualStudioVersion = 15.0.28307.136
MinimumVisualStudioVersion = 10.0.40219.1
Project("{FAE04EC0-301F-11D3-BF4B-00C04F79EFBC}") = "StaircaseChallenge", "StaircaseChallenge\StaircaseChallenge.csproj", "{76A4D62A-5684-4790-9921-0C7F0D4376DE}"
EndProject
Global
	GlobalSection(SolutionConfigurationPlatforms) = preSolution
		Debug|Any CPU = Debug|Any CPU
		Release|Any CPU = Release|Any CPU
	EndGlobalSection
	GlobalSection(ProjectConfigurationPlatforms) = postSolution
		{76A4D62A-5684-4790-9921-0C7F0D4376DE}.Debug|Any CPU.ActiveCfg = Debug|Any CPU
		{76A4D62A-5684-4790-9921-0C7F0D4376DE}.Debug|Any CPU.Build.0 = Debug|Any CPU
		{76A4D62A-5684-4790-9921-0C7F0D4376DE}.Release|Any CPU.ActiveCfg = Release|Any CPU
		{76A4D62A-5684-4790-9921-0C7F0D4376DE}.Release|Any CPU.Build.0 = Release|Any CPU
	EndGlobalSection
	GlobalSection(SolutionProperties) = preSolution
		HideSolutionNode = FALSE
	EndGlobalSection
	GlobalSection(ExtensibilityGlobals) = postSolution
		SolutionGuid = {114D673F-5512-4673-A872-A639751A2DFB}
	EndGlobalSection
EndGlobal
