
Microsoft Visual Studio Solution File, Format Version 12.00
# Visual Studio 15
Project("{FAE04EC0-301F-11D3-BF4B-00C04F79EFBC}") = "Enum", "Enum\Enum.csproj", "{EAA7DF3F-5BEA-49C9-B238-15D93B44210F}"
EndProject
Global
	GlobalSection(SolutionConfigurationPlatforms) = preSolution
		Debug|Any CPU = Debug|Any CPU
		Release|Any CPU = Release|Any CPU
	EndGlobalSection
	GlobalSection(ProjectConfigurationPlatforms) = postSolution
		{EAA7DF3F-5BEA-49C9-B238-15D93B44210F}.Debug|Any CPU.ActiveCfg = Debug|Any CPU
		{EAA7DF3F-5BEA-49C9-B238-15D93B44210F}.Debug|Any CPU.Build.0 = Debug|Any CPU
		{EAA7DF3F-5BEA-49C9-B238-15D93B44210F}.Release|Any CPU.ActiveCfg = Release|Any CPU
		{EAA7DF3F-5BEA-49C9-B238-15D93B44210F}.Release|Any CPU.Build.0 = Release|Any CPU
	EndGlobalSection
EndGlobal
