
Microsoft Visual Studio Solution File, Format Version 12.00
# Visual Studio 15
VisualStudioVersion = 15.0.28307.168
MinimumVisualStudioVersion = 10.0.40219.1
Project("{FAE04EC0-301F-11D3-BF4B-00C04F79EFBC}") = "CodingChallengesConditionalStatements", "CodingChallengesConditionalStatements\CodingChallengesConditionalStatements.csproj", "{327C6342-C619-42F8-B1F4-65B1E2679D9E}"
EndProject
Global
	GlobalSection(SolutionConfigurationPlatforms) = preSolution
		Debug|Any CPU = Debug|Any CPU
		Release|Any CPU = Release|Any CPU
	EndGlobalSection
	GlobalSection(ProjectConfigurationPlatforms) = postSolution
		{327C6342-C619-42F8-B1F4-65B1E2679D9E}.Debug|Any CPU.ActiveCfg = Debug|Any CPU
		{327C6342-C619-42F8-B1F4-65B1E2679D9E}.Debug|Any CPU.Build.0 = Debug|Any CPU
		{327C6342-C619-42F8-B1F4-65B1E2679D9E}.Release|Any CPU.ActiveCfg = Release|Any CPU
		{327C6342-C619-42F8-B1F4-65B1E2679D9E}.Release|Any CPU.Build.0 = Release|Any CPU
	EndGlobalSection
	GlobalSection(SolutionProperties) = preSolution
		HideSolutionNode = FALSE
	EndGlobalSection
	GlobalSection(ExtensibilityGlobals) = postSolution
		SolutionGuid = {7EEBA0FE-A9CF-4F93-B321-1D74F536ED22}
	EndGlobalSection
EndGlobal
