
Microsoft Visual Studio Solution File, Format Version 12.00
# Visual Studio 15
Project("{FAE04EC0-301F-11D3-BF4B-00C04F79EFBC}") = "ExceptionHandling", "ExceptionHandling\ExceptionHandling.csproj", "{5FB5F5C0-E325-4987-A073-83E3B6E7AED7}"
EndProject
Global
	GlobalSection(SolutionConfigurationPlatforms) = preSolution
		Debug|Any CPU = Debug|Any CPU
		Release|Any CPU = Release|Any CPU
	EndGlobalSection
	GlobalSection(ProjectConfigurationPlatforms) = postSolution
		{5FB5F5C0-E325-4987-A073-83E3B6E7AED7}.Debug|Any CPU.ActiveCfg = Debug|Any CPU
		{5FB5F5C0-E325-4987-A073-83E3B6E7AED7}.Debug|Any CPU.Build.0 = Debug|Any CPU
		{5FB5F5C0-E325-4987-A073-83E3B6E7AED7}.Release|Any CPU.ActiveCfg = Release|Any CPU
		{5FB5F5C0-E325-4987-A073-83E3B6E7AED7}.Release|Any CPU.Build.0 = Release|Any CPU
	EndGlobalSection
EndGlobal
