
Microsoft Visual Studio Solution File, Format Version 12.00
# Visual Studio 15
VisualStudioVersion = 15.0.28307.168
MinimumVisualStudioVersion = 10.0.40219.1
Project("{FAE04EC0-301F-11D3-BF4B-00C04F79EFBC}") = "upCastingDownCasting", "upCastingDownCasting\upCastingDownCasting.csproj", "{A6ED5C77-8706-482C-ADC7-8ADCDCBB1FD5}"
EndProject
Global
	GlobalSection(SolutionConfigurationPlatforms) = preSolution
		Debug|Any CPU = Debug|Any CPU
		Release|Any CPU = Release|Any CPU
	EndGlobalSection
	GlobalSection(ProjectConfigurationPlatforms) = postSolution
		{A6ED5C77-8706-482C-ADC7-8ADCDCBB1FD5}.Debug|Any CPU.ActiveCfg = Debug|Any CPU
		{A6ED5C77-8706-482C-ADC7-8ADCDCBB1FD5}.Debug|Any CPU.Build.0 = Debug|Any CPU
		{A6ED5C77-8706-482C-ADC7-8ADCDCBB1FD5}.Release|Any CPU.ActiveCfg = Release|Any CPU
		{A6ED5C77-8706-482C-ADC7-8ADCDCBB1FD5}.Release|Any CPU.Build.0 = Release|Any CPU
	EndGlobalSection
	GlobalSection(SolutionProperties) = preSolution
		HideSolutionNode = FALSE
	EndGlobalSection
	GlobalSection(ExtensibilityGlobals) = postSolution
		SolutionGuid = {6F8B5782-6E27-4BE3-8C4A-D48C40844461}
	EndGlobalSection
EndGlobal
